
Microsoft Visual Studio Solution File, Format Version 12.00
# Visual Studio Version 17
VisualStudioVersion = 17.0.31903.59
MinimumVisualStudioVersion = 10.0.40219.1
Project("{FAE04EC0-301F-11D3-BF4B-00C04F79EFBC}") = "ScrumFlush.Domain", "ScrumFlush.Domain\ScrumFlush.Domain.csproj", "{8A7FB891-BB25-4951-AC3F-C737C4ADCA45}"
EndProject
Project("{FAE04EC0-301F-11D3-BF4B-00C04F79EFBC}") = "ScrumFlush.Application", "ScrumFlush.Application\ScrumFlush.Application.csproj", "{EC917BC7-25D6-40EC-B0EE-EC19D7680CFD}"
EndProject
Project("{FAE04EC0-301F-11D3-BF4B-00C04F79EFBC}") = "ScrumFlush.Infrastructure", "ScrumFlush.Infrastructure\ScrumFlush.Infrastructure.csproj", "{EB747303-4965-4422-B78A-B85E6A895A86}"
EndProject
Project("{FAE04EC0-301F-11D3-BF4B-00C04F79EFBC}") = "ScrumFlush.Api", "ScrumFlush.Api\ScrumFlush.Api.csproj", "{1511711C-F26F-4FF6-9027-83BB9015EF13}"
EndProject
Project("{FAE04EC0-301F-11D3-BF4B-00C04F79EFBC}") = "ScrumFlush.Service", "ScrumFlush.Service\ScrumFlush.Service.csproj", "{9C8145BA-B150-47A9-91DC-ACC2F0EB556B}"
EndProject
Project("{FAE04EC0-301F-11D3-BF4B-00C04F79EFBC}") = "ScrumFlush.Core", "ScrumFlush.Core\ScrumFlush.Core.csproj", "{F4E83A56-9E5D-45F1-9BB7-A7393339A467}"
EndProject
Global
	GlobalSection(SolutionConfigurationPlatforms) = preSolution
		Debug|Any CPU = Debug|Any CPU
		Release|Any CPU = Release|Any CPU
	EndGlobalSection
	GlobalSection(SolutionProperties) = preSolution
		HideSolutionNode = FALSE
	EndGlobalSection
	GlobalSection(ProjectConfigurationPlatforms) = postSolution
		{8A7FB891-BB25-4951-AC3F-C737C4ADCA45}.Debug|Any CPU.ActiveCfg = Debug|Any CPU
		{8A7FB891-BB25-4951-AC3F-C737C4ADCA45}.Debug|Any CPU.Build.0 = Debug|Any CPU
		{8A7FB891-BB25-4951-AC3F-C737C4ADCA45}.Release|Any CPU.ActiveCfg = Release|Any CPU
		{8A7FB891-BB25-4951-AC3F-C737C4ADCA45}.Release|Any CPU.Build.0 = Release|Any CPU
		{EC917BC7-25D6-40EC-B0EE-EC19D7680CFD}.Debug|Any CPU.ActiveCfg = Debug|Any CPU
		{EC917BC7-25D6-40EC-B0EE-EC19D7680CFD}.Debug|Any CPU.Build.0 = Debug|Any CPU
		{EC917BC7-25D6-40EC-B0EE-EC19D7680CFD}.Release|Any CPU.ActiveCfg = Release|Any CPU
		{EC917BC7-25D6-40EC-B0EE-EC19D7680CFD}.Release|Any CPU.Build.0 = Release|Any CPU
		{EB747303-4965-4422-B78A-B85E6A895A86}.Debug|Any CPU.ActiveCfg = Debug|Any CPU
		{EB747303-4965-4422-B78A-B85E6A895A86}.Debug|Any CPU.Build.0 = Debug|Any CPU
		{EB747303-4965-4422-B78A-B85E6A895A86}.Release|Any CPU.ActiveCfg = Release|Any CPU
		{EB747303-4965-4422-B78A-B85E6A895A86}.Release|Any CPU.Build.0 = Release|Any CPU
		{1511711C-F26F-4FF6-9027-83BB9015EF13}.Debug|Any CPU.ActiveCfg = Debug|Any CPU
		{1511711C-F26F-4FF6-9027-83BB9015EF13}.Debug|Any CPU.Build.0 = Debug|Any CPU
		{1511711C-F26F-4FF6-9027-83BB9015EF13}.Release|Any CPU.ActiveCfg = Release|Any CPU
		{1511711C-F26F-4FF6-9027-83BB9015EF13}.Release|Any CPU.Build.0 = Release|Any CPU
		{9C8145BA-B150-47A9-91DC-ACC2F0EB556B}.Debug|Any CPU.ActiveCfg = Debug|Any CPU
		{9C8145BA-B150-47A9-91DC-ACC2F0EB556B}.Debug|Any CPU.Build.0 = Debug|Any CPU
		{9C8145BA-B150-47A9-91DC-ACC2F0EB556B}.Release|Any CPU.ActiveCfg = Release|Any CPU
		{9C8145BA-B150-47A9-91DC-ACC2F0EB556B}.Release|Any CPU.Build.0 = Release|Any CPU
		{F4E83A56-9E5D-45F1-9BB7-A7393339A467}.Debug|Any CPU.ActiveCfg = Debug|Any CPU
		{F4E83A56-9E5D-45F1-9BB7-A7393339A467}.Debug|Any CPU.Build.0 = Debug|Any CPU
		{F4E83A56-9E5D-45F1-9BB7-A7393339A467}.Release|Any CPU.ActiveCfg = Release|Any CPU
		{F4E83A56-9E5D-45F1-9BB7-A7393339A467}.Release|Any CPU.Build.0 = Release|Any CPU
	EndGlobalSection
EndGlobal
